
Microsoft Visual Studio Solution File, Format Version 12.00
# Visual Studio Version 17
VisualStudioVersion = 17.10.35013.160
MinimumVisualStudioVersion = 10.0.40219.1
Project("{9A19103F-16F7-4668-BE54-9A1E7A4F7556}") = "StocksAppWithConfiguration", "StocksAppWithConfiguration.csproj", "{ABEE6C47-D9FE-4E39-BB1E-EE20A933C267}"
EndProject
Project("{FAE04EC0-301F-11D3-BF4B-00C04F79EFBC}") = "StocksAppTests", "..\TestProject1\StocksAppTests.csproj", "{496200BD-7F29-4F66-90E3-BDF07A68719B}"
EndProject
Global
	GlobalSection(SolutionConfigurationPlatforms) = preSolution
		Debug|Any CPU = Debug|Any CPU
		Release|Any CPU = Release|Any CPU
	EndGlobalSection
	GlobalSection(ProjectConfigurationPlatforms) = postSolution
		{ABEE6C47-D9FE-4E39-BB1E-EE20A933C267}.Debug|Any CPU.ActiveCfg = Debug|Any CPU
		{ABEE6C47-D9FE-4E39-BB1E-EE20A933C267}.Debug|Any CPU.Build.0 = Debug|Any CPU
		{ABEE6C47-D9FE-4E39-BB1E-EE20A933C267}.Release|Any CPU.ActiveCfg = Release|Any CPU
		{ABEE6C47-D9FE-4E39-BB1E-EE20A933C267}.Release|Any CPU.Build.0 = Release|Any CPU
		{496200BD-7F29-4F66-90E3-BDF07A68719B}.Debug|Any CPU.ActiveCfg = Debug|Any CPU
		{496200BD-7F29-4F66-90E3-BDF07A68719B}.Debug|Any CPU.Build.0 = Debug|Any CPU
		{496200BD-7F29-4F66-90E3-BDF07A68719B}.Release|Any CPU.ActiveCfg = Release|Any CPU
		{496200BD-7F29-4F66-90E3-BDF07A68719B}.Release|Any CPU.Build.0 = Release|Any CPU
	EndGlobalSection
	GlobalSection(SolutionProperties) = preSolution
		HideSolutionNode = FALSE
	EndGlobalSection
	GlobalSection(ExtensibilityGlobals) = postSolution
		SolutionGuid = {3EEA79A5-B476-41B9-8A57-05B27F00F782}
	EndGlobalSection
EndGlobal
